{
  "name": "calc",
  "version": "0.1.0",
  "lockfileVersion": 3,
  "requires": true,
  "packages": {
    "": {
      "name": "calc",
      "version": "0.1.0",
      "dependencies": {
        "nelement": "file:../../../nelement"
      }
    },
    "../../../nelement": {
      "version": "1.0.0-alpha.20230707",
      "dependencies": {
        "live-server": "^1.2.2"
      },
      "bin": {
        "nelement": "bin/index.js"
      }
    },
    "node_modules/nelement": {
      "resolved": "../../../nelement",
      "link": true
    }
  }
}
